{
    "name": "@fluencelabs/avm-runner-background",
    "version": "0.0.1",
    "lockfileVersion": 2,
    "requires": true,
    "packages": {
        "": {
            "name": "@fluencelabs/avm-runner-background",
            "version": "0.0.1",
            "license": "Apache-2.0",
            "dependencies": {
                "@fluencelabs/avm-runner-interface": "^0.2.0",
                "browser-or-node": "^2.0.0",
                "threads": "^1.7.0"
            },
            "bin": {
                "copy-avm-runner": "dist/copyRunnerScript.js"
            },
            "devDependencies": {
                "@types/node": "^16.11.10",
                "typescript": "^4.0.0"
            }
        },
        "node_modules/@fluencelabs/avm-runner-interface": {
            "version": "0.2.0",
            "resolved": "https://registry.npmjs.org/@fluencelabs/avm-runner-interface/-/avm-runner-interface-0.2.0.tgz",
            "integrity": "sha512-Y41pL+UwZZVdormxju8cJQsNRp6tdER0VqJ9Kg9gH2wd1KJAaYTJkyVbn8NB7fEFRUbqfbb1BXHi9wWBYOgGYQ=="
        },
        "node_modules/@types/node": {
            "version": "16.11.14",
            "resolved": "https://registry.npmjs.org/@types/node/-/node-16.11.14.tgz",
            "integrity": "sha512-mK6BKLpL0bG6v2CxHbm0ed6RcZrAtTHBTd/ZpnlVPVa3HkumsqLE4BC4u6TQ8D7pnrRbOU0am6epuALs+Ncnzw==",
            "dev": true
        },
        "node_modules/browser-or-node": {
            "version": "2.0.0",
            "resolved": "https://registry.npmjs.org/browser-or-node/-/browser-or-node-2.0.0.tgz",
            "integrity": "sha512-3Lrks/Okgof+/cRguUNG+qRXSeq79SO3hY4QrXJayJofwJwHiGC0qi99uDjsfTwULUFSr1OGVsBkdIkygKjTUA=="
        },
        "node_modules/callsites": {
            "version": "3.1.0",
            "resolved": "https://registry.npmjs.org/callsites/-/callsites-3.1.0.tgz",
            "integrity": "sha512-P8BjAsXvZS+VIDUI11hHCQEv74YT67YUi5JJFNWIqL235sBmjX4+qx9Muvls5ivyNENctx46xQLQ3aTuE7ssaQ==",
            "engines": {
                "node": ">=6"
            }
        },
        "node_modules/debug": {
            "version": "4.3.3",
            "resolved": "https://registry.npmjs.org/debug/-/debug-4.3.3.tgz",
            "integrity": "sha512-/zxw5+vh1Tfv+4Qn7a5nsbcJKPaSvCDhojn6FEl9vupwK2VCSDtEiEtqr8DFtzYFOdz63LBkxec7DYuc2jon6Q==",
            "dependencies": {
                "ms": "2.1.2"
            },
            "engines": {
                "node": ">=6.0"
            },
            "peerDependenciesMeta": {
                "supports-color": {
                    "optional": true
                }
            }
        },
        "node_modules/esm": {
            "version": "3.2.25",
            "resolved": "https://registry.npmjs.org/esm/-/esm-3.2.25.tgz",
            "integrity": "sha512-U1suiZ2oDVWv4zPO56S0NcR5QriEahGtdN2OR6FiOG4WJvcjBVFB0qI4+eKoWFH483PKGuLuu6V8Z4T5g63UVA==",
            "optional": true,
            "engines": {
                "node": ">=6"
            }
        },
        "node_modules/is-observable": {
            "version": "2.1.0",
            "resolved": "https://registry.npmjs.org/is-observable/-/is-observable-2.1.0.tgz",
            "integrity": "sha512-DailKdLb0WU+xX8K5w7VsJhapwHLZ9jjmazqCJq4X12CTgqq73TKnbRcnSLuXYPOoLQgV5IrD7ePiX/h1vnkBw==",
            "engines": {
                "node": ">=8"
            },
            "funding": {
                "url": "https://github.com/sponsors/sindresorhus"
            }
        },
        "node_modules/ms": {
            "version": "2.1.2",
            "resolved": "https://registry.npmjs.org/ms/-/ms-2.1.2.tgz",
            "integrity": "sha512-sGkPx+VjMtmA6MX27oA4FBFELFCZZ4S4XqeGOXCv68tT+jb3vk/RyaKWP0PTKyWtmLSM0b+adUTEvbs1PEaH2w=="
        },
        "node_modules/observable-fns": {
            "version": "0.6.1",
            "resolved": "https://registry.npmjs.org/observable-fns/-/observable-fns-0.6.1.tgz",
            "integrity": "sha512-9gRK4+sRWzeN6AOewNBTLXir7Zl/i3GB6Yl26gK4flxz8BXVpD3kt8amREmWNb0mxYOGDotvE5a4N+PtGGKdkg=="
        },
        "node_modules/threads": {
            "version": "1.7.0",
            "resolved": "https://registry.npmjs.org/threads/-/threads-1.7.0.tgz",
            "integrity": "sha512-Mx5NBSHX3sQYR6iI9VYbgHKBLisyB+xROCBGjjWm1O9wb9vfLxdaGtmT/KCjUqMsSNW6nERzCW3T6H43LqjDZQ==",
            "dependencies": {
                "callsites": "^3.1.0",
                "debug": "^4.2.0",
                "is-observable": "^2.1.0",
                "observable-fns": "^0.6.1"
            },
            "funding": {
                "url": "https://github.com/andywer/threads.js?sponsor=1"
            },
            "optionalDependencies": {
                "tiny-worker": ">= 2"
            }
        },
        "node_modules/tiny-worker": {
            "version": "2.3.0",
            "resolved": "https://registry.npmjs.org/tiny-worker/-/tiny-worker-2.3.0.tgz",
            "integrity": "sha512-pJ70wq5EAqTAEl9IkGzA+fN0836rycEuz2Cn6yeZ6FRzlVS5IDOkFHpIoEsksPRQV34GDqXm65+OlnZqUSyK2g==",
            "optional": true,
            "dependencies": {
                "esm": "^3.2.25"
            }
        },
        "node_modules/typescript": {
            "version": "4.5.4",
            "resolved": "https://registry.npmjs.org/typescript/-/typescript-4.5.4.tgz",
            "integrity": "sha512-VgYs2A2QIRuGphtzFV7aQJduJ2gyfTljngLzjpfW9FoYZF6xuw1W0vW9ghCKLfcWrCFxK81CSGRAvS1pn4fIUg==",
            "dev": true,
            "bin": {
                "tsc": "bin/tsc",
                "tsserver": "bin/tsserver"
            },
            "engines": {
                "node": ">=4.2.0"
            }
        }
    },
    "dependencies": {
        "@fluencelabs/avm-runner-interface": {
            "version": "0.2.0",
            "resolved": "https://registry.npmjs.org/@fluencelabs/avm-runner-interface/-/avm-runner-interface-0.2.0.tgz",
            "integrity": "sha512-Y41pL+UwZZVdormxju8cJQsNRp6tdER0VqJ9Kg9gH2wd1KJAaYTJkyVbn8NB7fEFRUbqfbb1BXHi9wWBYOgGYQ=="
        },
        "@types/node": {
            "version": "16.11.14",
            "resolved": "https://registry.npmjs.org/@types/node/-/node-16.11.14.tgz",
            "integrity": "sha512-mK6BKLpL0bG6v2CxHbm0ed6RcZrAtTHBTd/ZpnlVPVa3HkumsqLE4BC4u6TQ8D7pnrRbOU0am6epuALs+Ncnzw==",
            "dev": true
        },
        "browser-or-node": {
            "version": "2.0.0",
            "resolved": "https://registry.npmjs.org/browser-or-node/-/browser-or-node-2.0.0.tgz",
            "integrity": "sha512-3Lrks/Okgof+/cRguUNG+qRXSeq79SO3hY4QrXJayJofwJwHiGC0qi99uDjsfTwULUFSr1OGVsBkdIkygKjTUA=="
        },
        "callsites": {
            "version": "3.1.0",
            "resolved": "https://registry.npmjs.org/callsites/-/callsites-3.1.0.tgz",
            "integrity": "sha512-P8BjAsXvZS+VIDUI11hHCQEv74YT67YUi5JJFNWIqL235sBmjX4+qx9Muvls5ivyNENctx46xQLQ3aTuE7ssaQ=="
        },
        "debug": {
            "version": "4.3.3",
            "resolved": "https://registry.npmjs.org/debug/-/debug-4.3.3.tgz",
            "integrity": "sha512-/zxw5+vh1Tfv+4Qn7a5nsbcJKPaSvCDhojn6FEl9vupwK2VCSDtEiEtqr8DFtzYFOdz63LBkxec7DYuc2jon6Q==",
            "requires": {
                "ms": "2.1.2"
            }
        },
        "esm": {
            "version": "3.2.25",
            "resolved": "https://registry.npmjs.org/esm/-/esm-3.2.25.tgz",
            "integrity": "sha512-U1suiZ2oDVWv4zPO56S0NcR5QriEahGtdN2OR6FiOG4WJvcjBVFB0qI4+eKoWFH483PKGuLuu6V8Z4T5g63UVA==",
            "optional": true
        },
        "is-observable": {
            "version": "2.1.0",
            "resolved": "https://registry.npmjs.org/is-observable/-/is-observable-2.1.0.tgz",
            "integrity": "sha512-DailKdLb0WU+xX8K5w7VsJhapwHLZ9jjmazqCJq4X12CTgqq73TKnbRcnSLuXYPOoLQgV5IrD7ePiX/h1vnkBw=="
        },
        "ms": {
            "version": "2.1.2",
            "resolved": "https://registry.npmjs.org/ms/-/ms-2.1.2.tgz",
            "integrity": "sha512-sGkPx+VjMtmA6MX27oA4FBFELFCZZ4S4XqeGOXCv68tT+jb3vk/RyaKWP0PTKyWtmLSM0b+adUTEvbs1PEaH2w=="
        },
        "observable-fns": {
            "version": "0.6.1",
            "resolved": "https://registry.npmjs.org/observable-fns/-/observable-fns-0.6.1.tgz",
            "integrity": "sha512-9gRK4+sRWzeN6AOewNBTLXir7Zl/i3GB6Yl26gK4flxz8BXVpD3kt8amREmWNb0mxYOGDotvE5a4N+PtGGKdkg=="
        },
        "threads": {
            "version": "1.7.0",
            "resolved": "https://registry.npmjs.org/threads/-/threads-1.7.0.tgz",
            "integrity": "sha512-Mx5NBSHX3sQYR6iI9VYbgHKBLisyB+xROCBGjjWm1O9wb9vfLxdaGtmT/KCjUqMsSNW6nERzCW3T6H43LqjDZQ==",
            "requires": {
                "callsites": "^3.1.0",
                "debug": "^4.2.0",
                "is-observable": "^2.1.0",
                "observable-fns": "^0.6.1",
                "tiny-worker": ">= 2"
            }
        },
        "tiny-worker": {
            "version": "2.3.0",
            "resolved": "https://registry.npmjs.org/tiny-worker/-/tiny-worker-2.3.0.tgz",
            "integrity": "sha512-pJ70wq5EAqTAEl9IkGzA+fN0836rycEuz2Cn6yeZ6FRzlVS5IDOkFHpIoEsksPRQV34GDqXm65+OlnZqUSyK2g==",
            "optional": true,
            "requires": {
                "esm": "^3.2.25"
            }
        },
        "typescript": {
            "version": "4.5.4",
            "resolved": "https://registry.npmjs.org/typescript/-/typescript-4.5.4.tgz",
            "integrity": "sha512-VgYs2A2QIRuGphtzFV7aQJduJ2gyfTljngLzjpfW9FoYZF6xuw1W0vW9ghCKLfcWrCFxK81CSGRAvS1pn4fIUg==",
            "dev": true
        }
    }
}
